
Microsoft Visual Studio Solution File, Format Version 12.00
# Visual Studio Version 16
VisualStudioVersion = 16.0.31105.61
MinimumVisualStudioVersion = 10.0.40219.1
Project("{FAE04EC0-301F-11D3-BF4B-00C04F79EFBC}") = "Coin Return Algorithm", "Coin Return Algorithm\Coin Return Algorithm.csproj", "{D6006139-9BA6-499A-980A-29CAC1F47230}"
EndProject
Project("{FAE04EC0-301F-11D3-BF4B-00C04F79EFBC}") = "CoinUnitTest", "CoinUnitTest\CoinUnitTest.csproj", "{B4EEAC62-CEA2-46CA-BD42-AD709DDD284D}"
EndProject
Global
	GlobalSection(SolutionConfigurationPlatforms) = preSolution
		Debug|Any CPU = Debug|Any CPU
		Release|Any CPU = Release|Any CPU
	EndGlobalSection
	GlobalSection(ProjectConfigurationPlatforms) = postSolution
		{D6006139-9BA6-499A-980A-29CAC1F47230}.Debug|Any CPU.ActiveCfg = Debug|Any CPU
		{D6006139-9BA6-499A-980A-29CAC1F47230}.Debug|Any CPU.Build.0 = Debug|Any CPU
		{D6006139-9BA6-499A-980A-29CAC1F47230}.Release|Any CPU.ActiveCfg = Release|Any CPU
		{D6006139-9BA6-499A-980A-29CAC1F47230}.Release|Any CPU.Build.0 = Release|Any CPU
		{B4EEAC62-CEA2-46CA-BD42-AD709DDD284D}.Debug|Any CPU.ActiveCfg = Debug|Any CPU
		{B4EEAC62-CEA2-46CA-BD42-AD709DDD284D}.Debug|Any CPU.Build.0 = Debug|Any CPU
		{B4EEAC62-CEA2-46CA-BD42-AD709DDD284D}.Release|Any CPU.ActiveCfg = Release|Any CPU
		{B4EEAC62-CEA2-46CA-BD42-AD709DDD284D}.Release|Any CPU.Build.0 = Release|Any CPU
	EndGlobalSection
	GlobalSection(SolutionProperties) = preSolution
		HideSolutionNode = FALSE
	EndGlobalSection
	GlobalSection(ExtensibilityGlobals) = postSolution
		SolutionGuid = {B7FE9886-5737-4DA5-86D9-93E31E6590A7}
	EndGlobalSection
EndGlobal
